
Microsoft Visual Studio Solution File, Format Version 12.00
Project("{FAE04EC0-301F-11D3-BF4B-00C04F79EFBC}") = "Template.ClassLibrary.NET8", "Template.ClassLibrary.NET8.csproj", "{24D481C0-98A2-4A3D-88A8-09FB96EBE7A4}"
EndProject
Global
	GlobalSection(SolutionConfigurationPlatforms) = preSolution
		Debug|Any CPU = Debug|Any CPU
		Release|Any CPU = Release|Any CPU
	EndGlobalSection
	GlobalSection(ProjectConfigurationPlatforms) = postSolution
		{24D481C0-98A2-4A3D-88A8-09FB96EBE7A4}.Debug|Any CPU.ActiveCfg = Debug|Any CPU
		{24D481C0-98A2-4A3D-88A8-09FB96EBE7A4}.Debug|Any CPU.Build.0 = Debug|Any CPU
		{24D481C0-98A2-4A3D-88A8-09FB96EBE7A4}.Release|Any CPU.ActiveCfg = Release|Any CPU
		{24D481C0-98A2-4A3D-88A8-09FB96EBE7A4}.Release|Any CPU.Build.0 = Release|Any CPU
	EndGlobalSection
EndGlobal
